[[package]]
name = "aenum"
version = "2.2.4"
description = "Advanced Enumerations (compatible with Python's stdlib Enum), NamedTuples, and NamedConstants"
category = "main"
optional = false
python-versions = "*"

[[package]]
name = "canopen"
version = "1.1.0"
description = "CANopen stack implementation"
category = "main"
optional = false
python-versions = "*"

[package.dependencies]
python-can = ">=3.0.0"

[package.extras]
db_export = ["canmatrix"]

[[package]]
name = "colorama"
version = "0.4.4"
description = "Cross-platform colored terminal text."
category = "main"
optional = false
python-versions = ">=2.7, !=3.0.*, !=3.1.*, !=3.2.*, !=3.3.*, !=3.4.*"

[[package]]
name = "configobj"
version = "5.0.6"
description = "Config file reading, writing and validation."
category = "main"
optional = false
python-versions = "*"

[package.dependencies]
six = "*"

[[package]]
name = "docopt"
version = "0.6.2"
description = "Pythonic argument parser, that will make you smile"
category = "main"
optional = false
python-versions = "*"

[[package]]
name = "intelhex"
version = "2.3.0"
description = "Python library for Intel HEX files manipulations"
category = "main"
optional = false
python-versions = "*"

[[package]]
name = "packaging"
version = "20.4"
description = "Core utilities for Python packages"
category = "main"
optional = false
python-versions = ">=2.7, !=3.0.*, !=3.1.*, !=3.2.*, !=3.3.*"

[package.dependencies]
pyparsing = ">=2.0.2"
six = "*"

[[package]]
name = "progress"
version = "1.5"
description = "Easy to use progress bars"
category = "main"
optional = false
python-versions = "*"

[[package]]
name = "pyelftools"
version = "0.26"
description = "Library for analyzing ELF files and DWARF debugging information"
category = "main"
optional = false
python-versions = "*"

[[package]]
name = "pykwalify"
version = "1.7.0"
description = "Python lib/cli for JSON/YAML schema validation"
category = "main"
optional = false
python-versions = "*"

[package.dependencies]
docopt = ">=0.6.2"
python-dateutil = ">=2.4.2"
PyYAML = ">=3.11"

[package.extras]
ruamel = ["ruamel.yaml (>=0.11.0,<0.16.0)"]

[[package]]
name = "pyparsing"
version = "2.4.7"
description = "Python parsing module"
category = "main"
optional = false
python-versions = ">=2.6, !=3.0.*, !=3.1.*, !=3.2.*"

[[package]]
name = "python-can"
version = "3.3.4"
description = "Controller Area Network interface module for Python"
category = "main"
optional = false
python-versions = ">=2.7"

[package.dependencies]
aenum = "*"
windows-curses = {version = "*", markers = "platform_system == \"Windows\""}
wrapt = ">=1.10,<2.0"

[package.extras]
neovi = ["python-ics (>=2.12)", "filelock"]
serial = ["pyserial (>=3.0,<4.0)"]
test = ["mock (>=2.0,<3.0)", "pytest (>=4.6,<5.0)", "pytest-timeout (>=1.3,<2.0)", "pytest-cov (>=2.8,<3.0)", "coverage (<5)", "codecov (>=2.0,<3.0)", "future", "six", "hypothesis (>=4.56,<5.0)", "pyserial (>=3.0,<4.0)"]

[[package]]
name = "python-dateutil"
version = "2.8.1"
description = "Extensions to the standard Python datetime module"
category = "main"
optional = false
python-versions = "!=3.0.*,!=3.1.*,!=3.2.*,>=2.7"

[package.dependencies]
six = ">=1.5"

[[package]]
name = "pyyaml"
version = "5.3.1"
description = "YAML parser and emitter for Python"
category = "main"
optional = false
python-versions = ">=2.7, !=3.0.*, !=3.1.*, !=3.2.*, !=3.3.*, !=3.4.*"

[[package]]
name = "six"
version = "1.15.0"
description = "Python 2 and 3 compatibility utilities"
category = "main"
optional = false
python-versions = ">=2.7, !=3.0.*, !=3.1.*, !=3.2.*"

[[package]]
name = "west"
version = "0.8.0"
description = "Zephyr RTOS Project meta-tool"
category = "main"
optional = false
python-versions = ">=3.6"

[package.dependencies]
colorama = "*"
configobj = "*"
packaging = "*"
pykwalify = "*"
PyYAML = ">=5.1"

[[package]]
name = "windows-curses"
version = "2.1.0"
description = "Support for the standard curses module on Windows"
category = "main"
optional = false
python-versions = "*"

[[package]]
name = "wrapt"
version = "1.12.1"
description = "Module for decorators, wrappers and monkey patching."
category = "main"
optional = false
python-versions = "*"

[metadata]
lock-version = "1.1"
python-versions = "^3.8"
content-hash = "9fb9e1aed33b3b42e505c634a2fdebde38b09a90073b0261c9b5fc9832faef92"

[metadata.files]
aenum = [
    {file = "aenum-2.2.4-py2-none-any.whl", hash = "sha256:85adabd63183d283250bf7acd9fa23c7e45b1c8d1efbb84b233160f3c438dc18"},
    {file = "aenum-2.2.4-py3-none-any.whl", hash = "sha256:bcb4fd350d36af336b6b5898e5d89f76344621d9c1b2de69c81acf1d3e6b1145"},
    {file = "aenum-2.2.4.tar.gz", hash = "sha256:81828d1fbe20b6b188d75b21a0fa936d7d929d839ef843ef385d9c2a97082864"},
]
canopen = [
    {file = "canopen-1.1.0-py2.py3-none-any.whl", hash = "sha256:8fb451201d84489801b149a46ae683b91594921f12f08bb07ff9b12995afa6b1"},
    {file = "canopen-1.1.0.tar.gz", hash = "sha256:b4f114542fae4390f9930a8adfccaa10fef888113dac38bd03009d87c7250a3b"},
]
colorama = [
    {file = "colorama-0.4.4-py2.py3-none-any.whl", hash = "sha256:9f47eda37229f68eee03b24b9748937c7dc3868f906e8ba69fbcbdd3bc5dc3e2"},
    {file = "colorama-0.4.4.tar.gz", hash = "sha256:5941b2b48a20143d2267e95b1c2a7603ce057ee39fd88e7329b0c292aa16869b"},
]
configobj = [
    {file = "configobj-5.0.6.tar.gz", hash = "sha256:a2f5650770e1c87fb335af19a9b7eb73fc05ccf22144eb68db7d00cd2bcb0902"},
]
docopt = [
    {file = "docopt-0.6.2.tar.gz", hash = "sha256:49b3a825280bd66b3aa83585ef59c4a8c82f2c8a522dbe754a8bc8d08c85c491"},
]
intelhex = [
    {file = "intelhex-2.3.0-py2.py3-none-any.whl", hash = "sha256:87cc5225657524ec6361354be928adfd56bcf2a3dcc646c40f8f094c39c07db4"},
    {file = "intelhex-2.3.0.tar.gz", hash = "sha256:892b7361a719f4945237da8ccf754e9513db32f5628852785aea108dcd250093"},
]
packaging = [
    {file = "packaging-20.4-py2.py3-none-any.whl", hash = "sha256:998416ba6962ae7fbd6596850b80e17859a5753ba17c32284f67bfff33784181"},
    {file = "packaging-20.4.tar.gz", hash = "sha256:4357f74f47b9c12db93624a82154e9b120fa8293699949152b22065d556079f8"},
]
progress = [
    {file = "progress-1.5.tar.gz", hash = "sha256:69ecedd1d1bbe71bf6313d88d1e6c4d2957b7f1d4f71312c211257f7dae64372"},
]
pyelftools = [
    {file = "pyelftools-0.26-py2.py3-none-any.whl", hash = "sha256:cc0ea0de82b240a73ef4056fce44acbb4727dca7d66759371aff2bad457ed711"},
    {file = "pyelftools-0.26.tar.gz", hash = "sha256:86ac6cee19f6c945e8dedf78c6ee74f1112bd14da5a658d8c9d4103aed5756a2"},
]
pykwalify = [
    {file = "pykwalify-1.7.0-py2.py3-none-any.whl", hash = "sha256:428733907fe5c458fbea5de63a755f938edccd622c7a1d0b597806141976f00e"},
    {file = "pykwalify-1.7.0.tar.gz", hash = "sha256:7e8b39c5a3a10bc176682b3bd9a7422c39ca247482df198b402e8015defcceb2"},
]
pyparsing = [
    {file = "pyparsing-2.4.7-py2.py3-none-any.whl", hash = "sha256:ef9d7589ef3c200abe66653d3f1ab1033c3c419ae9b9bdb1240a85b024efc88b"},
    {file = "pyparsing-2.4.7.tar.gz", hash = "sha256:c203ec8783bf771a155b207279b9bccb8dea02d8f0c9e5f8ead507bc3246ecc1"},
]
python-can = [
    {file = "python-can-3.3.4.tar.gz", hash = "sha256:2d3c223b7adc4dd46ce258d4a33b7e0dbb6c339e002faa40ee4a69d5fdce9449"},
]
python-dateutil = [
    {file = "python-dateutil-2.8.1.tar.gz", hash = "sha256:73ebfe9dbf22e832286dafa60473e4cd239f8592f699aa5adaf10050e6e1823c"},
    {file = "python_dateutil-2.8.1-py2.py3-none-any.whl", hash = "sha256:75bb3f31ea686f1197762692a9ee6a7550b59fc6ca3a1f4b5d7e32fb98e2da2a"},
]
pyyaml = [
    {file = "PyYAML-5.3.1-cp27-cp27m-win32.whl", hash = "sha256:74809a57b329d6cc0fdccee6318f44b9b8649961fa73144a98735b0aaf029f1f"},
    {file = "PyYAML-5.3.1-cp27-cp27m-win_amd64.whl", hash = "sha256:240097ff019d7c70a4922b6869d8a86407758333f02203e0fc6ff79c5dcede76"},
    {file = "PyYAML-5.3.1-cp35-cp35m-win32.whl", hash = "sha256:4f4b913ca1a7319b33cfb1369e91e50354d6f07a135f3b901aca02aa95940bd2"},
    {file = "PyYAML-5.3.1-cp35-cp35m-win_amd64.whl", hash = "sha256:cc8955cfbfc7a115fa81d85284ee61147059a753344bc51098f3ccd69b0d7e0c"},
    {file = "PyYAML-5.3.1-cp36-cp36m-win32.whl", hash = "sha256:7739fc0fa8205b3ee8808aea45e968bc90082c10aef6ea95e855e10abf4a37b2"},
    {file = "PyYAML-5.3.1-cp36-cp36m-win_amd64.whl", hash = "sha256:69f00dca373f240f842b2931fb2c7e14ddbacd1397d57157a9b005a6a9942648"},
    {file = "PyYAML-5.3.1-cp37-cp37m-win32.whl", hash = "sha256:d13155f591e6fcc1ec3b30685d50bf0711574e2c0dfffd7644babf8b5102ca1a"},
    {file = "PyYAML-5.3.1-cp37-cp37m-win_amd64.whl", hash = "sha256:73f099454b799e05e5ab51423c7bcf361c58d3206fa7b0d555426b1f4d9a3eaf"},
    {file = "PyYAML-5.3.1-cp38-cp38-win32.whl", hash = "sha256:06a0d7ba600ce0b2d2fe2e78453a470b5a6e000a985dd4a4e54e436cc36b0e97"},
    {file = "PyYAML-5.3.1-cp38-cp38-win_amd64.whl", hash = "sha256:95f71d2af0ff4227885f7a6605c37fd53d3a106fcab511b8860ecca9fcf400ee"},
    {file = "PyYAML-5.3.1.tar.gz", hash = "sha256:b8eac752c5e14d3eca0e6dd9199cd627518cb5ec06add0de9d32baeee6fe645d"},
]
six = [
    {file = "six-1.15.0-py2.py3-none-any.whl", hash = "sha256:8b74bedcbbbaca38ff6d7491d76f2b06b3592611af620f8426e82dddb04a5ced"},
    {file = "six-1.15.0.tar.gz", hash = "sha256:30639c035cdb23534cd4aa2dd52c3bf48f06e5f4a941509c8bafd8ce11080259"},
]
west = [
    {file = "west-0.8.0-py3-none-any.whl", hash = "sha256:4a96c74080cd59f48c8d53c89e7d52f55d8bd64423dca001e62569c4b93af5f0"},
    {file = "west-0.8.0.tar.gz", hash = "sha256:672053c3392248846694e5619a7fe6ab4c40f010a8f5be6350821b39f6132a26"},
]
windows-curses = [
    {file = "windows_curses-2.1.0-cp27-cp27m-win32.whl", hash = "sha256:89a6d973f88cfe49b41ea80164dcbec209d296e0cec34a02002578b0bf464a64"},
    {file = "windows_curses-2.1.0-cp27-cp27m-win_amd64.whl", hash = "sha256:9e474a181f96d60429a4766145628264e60b72e7715876f9135aeb2e842f9433"},
    {file = "windows_curses-2.1.0-cp35-cp35m-win32.whl", hash = "sha256:73bd3eebccfda55330783f165151de115bfa238d1332f0b2e224b550d6187840"},
    {file = "windows_curses-2.1.0-cp35-cp35m-win_amd64.whl", hash = "sha256:cfe64c30807c146ef8d094412f90f2a2c81ad6aefff3ebfe8e37aabe2f801303"},
    {file = "windows_curses-2.1.0-cp36-cp36m-win32.whl", hash = "sha256:669caad3ae16faf2d201d7ab3b8af418a2fd074d8a39d60ca26f3acb34b6afe5"},
    {file = "windows_curses-2.1.0-cp36-cp36m-win_amd64.whl", hash = "sha256:8ba7c000d7ffa5452bbd0966b96e69261e4f117ebe510aeb8771a9650197b7f0"},
    {file = "windows_curses-2.1.0-cp37-cp37m-win32.whl", hash = "sha256:97084c6b37b1534f6a28a514d521dfae402f77dcbad42b14ee32e8d5bdc13648"},
    {file = "windows_curses-2.1.0-cp37-cp37m-win_amd64.whl", hash = "sha256:ff8c67f74b88944d99fa9d22971c05c335bc74f149120f0a69340c2c3a595497"},
    {file = "windows_curses-2.1.0-cp38-cp38-win32.whl", hash = "sha256:66034dc9a705d87308cc9ea90836f4ee60008a1d5e2c1d34ace627f60268158b"},
    {file = "windows_curses-2.1.0-cp38-cp38-win_amd64.whl", hash = "sha256:261fde5680d1ce4ce116908996b9a3cfb0ffb03ea68d42240f62b56a9fa6af2c"},
]
wrapt = [
    {file = "wrapt-1.12.1.tar.gz", hash = "sha256:b62ffa81fb85f4332a4f609cab4ac40709470da05643a082ec1eb88e6d9b97d7"},
]
